
Microsoft Visual Studio Solution File, Format Version 12.00
# Visual Studio Version 17
VisualStudioVersion = 17.13.35931.197 d17.13
MinimumVisualStudioVersion = 10.0.40219.1
Project("{FAE04EC0-301F-11D3-BF4B-00C04F79EFBC}") = "CrazyMusicians", "CrazyMusicians\CrazyMusicians.csproj", "{5E4DA003-6B0F-46A1-A17C-1E476A9965C2}"
EndProject
Global
	GlobalSection(SolutionConfigurationPlatforms) = preSolution
		Debug|Any CPU = Debug|Any CPU
		Release|Any CPU = Release|Any CPU
	EndGlobalSection
	GlobalSection(ProjectConfigurationPlatforms) = postSolution
		{5E4DA003-6B0F-46A1-A17C-1E476A9965C2}.Debug|Any CPU.ActiveCfg = Debug|Any CPU
		{5E4DA003-6B0F-46A1-A17C-1E476A9965C2}.Debug|Any CPU.Build.0 = Debug|Any CPU
		{5E4DA003-6B0F-46A1-A17C-1E476A9965C2}.Release|Any CPU.ActiveCfg = Release|Any CPU
		{5E4DA003-6B0F-46A1-A17C-1E476A9965C2}.Release|Any CPU.Build.0 = Release|Any CPU
	EndGlobalSection
	GlobalSection(SolutionProperties) = preSolution
		HideSolutionNode = FALSE
	EndGlobalSection
	GlobalSection(ExtensibilityGlobals) = postSolution
		SolutionGuid = {11198203-C5FC-4260-8A89-9DDFDC89973B}
	EndGlobalSection
EndGlobal
